
Microsoft Visual Studio Solution File, Format Version 12.00
# Visual Studio Version 17
VisualStudioVersion = 17.13.35931.197 d17.13
MinimumVisualStudioVersion = 10.0.40219.1
Project("{FAE04EC0-301F-11D3-BF4B-00C04F79EFBC}") = "EvaluacionGitHubb", "EvaluacionGitHubb\EvaluacionGitHubb.csproj", "{FF937C29-E813-4E73-95FD-A6C165DAF262}"
EndProject
Global
	GlobalSection(SolutionConfigurationPlatforms) = preSolution
		Debug|Any CPU = Debug|Any CPU
		Release|Any CPU = Release|Any CPU
	EndGlobalSection
	GlobalSection(ProjectConfigurationPlatforms) = postSolution
		{FF937C29-E813-4E73-95FD-A6C165DAF262}.Debug|Any CPU.ActiveCfg = Debug|Any CPU
		{FF937C29-E813-4E73-95FD-A6C165DAF262}.Debug|Any CPU.Build.0 = Debug|Any CPU
		{FF937C29-E813-4E73-95FD-A6C165DAF262}.Release|Any CPU.ActiveCfg = Release|Any CPU
		{FF937C29-E813-4E73-95FD-A6C165DAF262}.Release|Any CPU.Build.0 = Release|Any CPU
	EndGlobalSection
	GlobalSection(SolutionProperties) = preSolution
		HideSolutionNode = FALSE
	EndGlobalSection
	GlobalSection(ExtensibilityGlobals) = postSolution
		SolutionGuid = {C3BF6DC4-B1E8-4D40-9A98-2529D071FE07}
	EndGlobalSection
EndGlobal
